// !$*UTF8*$!
{
	archiveVersion = 1;
	classes = {
	};
	objectVersion = 56;
	objects = {

/* Begin PBXBuildFile section */
		3A69EF5F2C65425F00B3B86D /* Assets.xcassets in Resources */ = {isa = PBXBuildFile; fileRef = 3A69EF5E2C65425F00B3B86D /* Assets.xcassets */; };
		3A69EF632C65425F00B3B86D /* Preview Assets.xcassets in Resources */ = {isa = PBXBuildFile; fileRef = 3A69EF622C65425F00B3B86D /* Preview Assets.xcassets */; };
		3A69EF6E2C6547A200B3B86D /* QSViewController.m in Sources */ = {isa = PBXBuildFile; fileRef = 3A69EF6D2C6547A200B3B86D /* QSViewController.m */; };
		3A69EF732C654B8C00B3B86D /* VisionKit.framework in Frameworks */ = {isa = PBXBuildFile; fileRef = 3A69EF712C654B8C00B3B86D /* VisionKit.framework */; };
		3A69EF742C654B8C00B3B86D /* Vision.framework in Frameworks */ = {isa = PBXBuildFile; fileRef = 3A69EF722C654B8C00B3B86D /* Vision.framework */; };
		3A69EF7F2C655EEA00B3B86D /* QSViewControllerRepresentable.swift in Sources */ = {isa = PBXBuildFile; fileRef = 3A69EF7E2C655EEA00B3B86D /* QSViewControllerRepresentable.swift */; };
		3A69EF812C655F5800B3B86D /* QuickScannerApp.swift in Sources */ = {isa = PBXBuildFile; fileRef = 3A69EF802C655F5800B3B86D /* QuickScannerApp.swift */; };
		3A69EF832C655F5F00B3B86D /* ContentView.swift in Sources */ = {isa = PBXBuildFile; fileRef = 3A69EF822C655F5F00B3B86D /* ContentView.swift */; };
		3A69EF862C656EB000B3B86D /* QSDetailViewController.m in Sources */ = {isa = PBXBuildFile; fileRef = 3A69EF852C656EB000B3B86D /* QSDetailViewController.m */; };
/* End PBXBuildFile section */

/* Begin PBXFileReference section */
		3A69EF572C65425E00B3B86D /* QuickScanner.app */ = {isa = PBXFileReference; explicitFileType = wrapper.application; includeInIndex = 0; path = QuickScanner.app; sourceTree = BUILT_PRODUCTS_DIR; };
		3A69EF5E2C65425F00B3B86D /* Assets.xcassets */ = {isa = PBXFileReference; lastKnownFileType = folder.assetcatalog; path = Assets.xcassets; sourceTree = "<group>"; };
		3A69EF602C65425F00B3B86D /* QuickScanner.entitlements */ = {isa = PBXFileReference; lastKnownFileType = text.plist.entitlements; path = QuickScanner.entitlements; sourceTree = "<group>"; };
		3A69EF622C65425F00B3B86D /* Preview Assets.xcassets */ = {isa = PBXFileReference; lastKnownFileType = folder.assetcatalog; path = "Preview Assets.xcassets"; sourceTree = "<group>"; };
		3A69EF6D2C6547A200B3B86D /* QSViewController.m */ = {isa = PBXFileReference; lastKnownFileType = sourcecode.c.objc; path = QSViewController.m; sourceTree = "<group>"; };
		3A69EF6F2C65483700B3B86D /* QSViewController.h */ = {isa = PBXFileReference; lastKnownFileType = sourcecode.c.h; path = QSViewController.h; sourceTree = "<group>"; };
		3A69EF712C654B8C00B3B86D /* VisionKit.framework */ = {isa = PBXFileReference; lastKnownFileType = wrapper.framework; name = VisionKit.framework; path = Platforms/iPhoneOS.platform/Developer/SDKs/iPhoneOS17.5.sdk/System/Library/Frameworks/VisionKit.framework; sourceTree = DEVELOPER_DIR; };
		3A69EF722C654B8C00B3B86D /* Vision.framework */ = {isa = PBXFileReference; lastKnownFileType = wrapper.framework; name = Vision.framework; path = Platforms/iPhoneOS.platform/Developer/SDKs/iPhoneOS17.5.sdk/System/Library/Frameworks/Vision.framework; sourceTree = DEVELOPER_DIR; };
		3A69EF752C654BA700B3B86D /* Info.plist */ = {isa = PBXFileReference; lastKnownFileType = text.plist; path = Info.plist; sourceTree = "<group>"; };
		3A69EF7C2C655E2600B3B86D /* QuickScanner-Bridging-Header.h */ = {isa = PBXFileReference; lastKnownFileType = sourcecode.c.h; path = "QuickScanner-Bridging-Header.h"; sourceTree = "<group>"; };
		3A69EF7E2C655EEA00B3B86D /* QSViewControllerRepresentable.swift */ = {isa = PBXFileReference; lastKnownFileType = sourcecode.swift; path = QSViewControllerRepresentable.swift; sourceTree = "<group>"; };
		3A69EF802C655F5800B3B86D /* QuickScannerApp.swift */ = {isa = PBXFileReference; fileEncoding = 4; lastKnownFileType = sourcecode.swift; path = QuickScannerApp.swift; sourceTree = "<group>"; };
		3A69EF822C655F5F00B3B86D /* ContentView.swift */ = {isa = PBXFileReference; fileEncoding = 4; lastKnownFileType = sourcecode.swift; path = ContentView.swift; sourceTree = "<group>"; };
		3A69EF842C656E8900B3B86D /* QSDetailViewController.h */ = {isa = PBXFileReference; lastKnownFileType = sourcecode.c.h; path = QSDetailViewController.h; sourceTree = "<group>"; };
		3A69EF852C656EB000B3B86D /* QSDetailViewController.m */ = {isa = PBXFileReference; lastKnownFileType = sourcecode.c.objc; path = QSDetailViewController.m; sourceTree = "<group>"; };
/* End PBXFileReference section */

/* Begin PBXFrameworksBuildPhase section */
		3A69EF542C65425E00B3B86D /* Frameworks */ = {
			isa = PBXFrameworksBuildPhase;
			buildActionMask = 2147483647;
			files = (
				3A69EF732C654B8C00B3B86D /* VisionKit.framework in Frameworks */,
				3A69EF742C654B8C00B3B86D /* Vision.framework in Frameworks */,
			);
			runOnlyForDeploymentPostprocessing = 0;
		};
/* End PBXFrameworksBuildPhase section */

/* Begin PBXGroup section */
		3A69EF4E2C65425D00B3B86D = {
			isa = PBXGroup;
			children = (
				3A69EF592C65425E00B3B86D /* QuickScanner */,
				3A69EF582C65425E00B3B86D /* Products */,
				3A69EF702C654B8C00B3B86D /* Frameworks */,
			);
			sourceTree = "<group>";
		};
		3A69EF582C65425E00B3B86D /* Products */ = {
			isa = PBXGroup;
			children = (
				3A69EF572C65425E00B3B86D /* QuickScanner.app */,
			);
			name = Products;
			sourceTree = "<group>";
		};
		3A69EF592C65425E00B3B86D /* QuickScanner */ = {
			isa = PBXGroup;
			children = (
				3A69EF752C654BA700B3B86D /* Info.plist */,
				3A69EF802C655F5800B3B86D /* QuickScannerApp.swift */,
				3A69EF822C655F5F00B3B86D /* ContentView.swift */,
				3A69EF7C2C655E2600B3B86D /* QuickScanner-Bridging-Header.h */,
				3A69EF6C2C65468700B3B86D /* ViewController */,
				3A69EF5E2C65425F00B3B86D /* Assets.xcassets */,
				3A69EF602C65425F00B3B86D /* QuickScanner.entitlements */,
				3A69EF612C65425F00B3B86D /* Preview Content */,
			);
			path = QuickScanner;
			sourceTree = "<group>";
		};
		3A69EF612C65425F00B3B86D /* Preview Content */ = {
			isa = PBXGroup;
			children = (
				3A69EF622C65425F00B3B86D /* Preview Assets.xcassets */,
			);
			path = "Preview Content";
			sourceTree = "<group>";
		};
		3A69EF6C2C65468700B3B86D /* ViewController */ = {
			isa = PBXGroup;
			children = (
				3A69EF6F2C65483700B3B86D /* QSViewController.h */,
				3A69EF7E2C655EEA00B3B86D /* QSViewControllerRepresentable.swift */,
				3A69EF6D2C6547A200B3B86D /* QSViewController.m */,
				3A69EF842C656E8900B3B86D /* QSDetailViewController.h */,
				3A69EF852C656EB000B3B86D /* QSDetailViewController.m */,
			);
			path = ViewController;
			sourceTree = "<group>";
		};
		3A69EF702C654B8C00B3B86D /* Frameworks */ = {
			isa = PBXGroup;
			children = (
				3A69EF722C654B8C00B3B86D /* Vision.framework */,
				3A69EF712C654B8C00B3B86D /* VisionKit.framework */,
			);
			name = Frameworks;
			sourceTree = "<group>";
		};
/* End PBXGroup section */

/* Begin PBXNativeTarget section */
		3A69EF562C65425E00B3B86D /* QuickScanner */ = {
			isa = PBXNativeTarget;
			buildConfigurationList = 3A69EF662C65425F00B3B86D /* Build configuration list for PBXNativeTarget "QuickScanner" */;
			buildPhases = (
				3A69EF532C65425E00B3B86D /* Sources */,
				3A69EF542C65425E00B3B86D /* Frameworks */,
				3A69EF552C65425E00B3B86D /* Resources */,
			);
			buildRules = (
			);
			dependencies = (
			);
			name = QuickScanner;
			productName = QuickScanner;
			productReference = 3A69EF572C65425E00B3B86D /* QuickScanner.app */;
			productType = "com.apple.product-type.application";
		};
/* End PBXNativeTarget section */

/* Begin PBXProject section */
		3A69EF4F2C65425D00B3B86D /* Project object */ = {
			isa = PBXProject;
			attributes = {
				BuildIndependentTargetsInParallel = 1;
				LastSwiftUpdateCheck = 1540;
				LastUpgradeCheck = 1540;
				TargetAttributes = {
					3A69EF562C65425E00B3B86D = {
						CreatedOnToolsVersion = 15.4;
						LastSwiftMigration = 1540;
					};
				};
			};
			buildConfigurationList = 3A69EF522C65425D00B3B86D /* Build configuration list for PBXProject "QuickScanner" */;
			compatibilityVersion = "Xcode 14.0";
			developmentRegion = en;
			hasScannedForEncodings = 0;
			knownRegions = (
				en,
				Base,
			);
			mainGroup = 3A69EF4E2C65425D00B3B86D;
			productRefGroup = 3A69EF582C65425E00B3B86D /* Products */;
			projectDirPath = "";
			projectRoot = "";
			targets = (
				3A69EF562C65425E00B3B86D /* QuickScanner */,
			);
		};
/* End PBXProject section */

/* Begin PBXResourcesBuildPhase section */
		3A69EF552C65425E00B3B86D /* Resources */ = {
			isa = PBXResourcesBuildPhase;
			buildActionMask = 2147483647;
			files = (
				3A69EF632C65425F00B3B86D /* Preview Assets.xcassets in Resources */,
				3A69EF5F2C65425F00B3B86D /* Assets.xcassets in Resources */,
			);
			runOnlyForDeploymentPostprocessing = 0;
		};
/* End PBXResourcesBuildPhase section */

/* Begin PBXSourcesBuildPhase section */
		3A69EF532C65425E00B3B86D /* Sources */ = {
			isa = PBXSourcesBuildPhase;
			buildActionMask = 2147483647;
			files = (
				3A69EF7F2C655EEA00B3B86D /* QSViewControllerRepresentable.swift in Sources */,
				3A69EF832C655F5F00B3B86D /* ContentView.swift in Sources */,
				3A69EF6E2C6547A200B3B86D /* QSViewController.m in Sources */,
				3A69EF812C655F5800B3B86D /* QuickScannerApp.swift in Sources */,
				3A69EF862C656EB000B3B86D /* QSDetailViewController.m in Sources */,
			);
			runOnlyForDeploymentPostprocessing = 0;
		};
/* End PBXSourcesBuildPhase section */

/* Begin XCBuildConfiguration section */
		3A69EF642C65425F00B3B86D /* Debug */ = {
			isa = XCBuildConfiguration;
			buildSettings = {
				ALWAYS_SEARCH_USER_PATHS = NO;
				ASSETCATALOG_COMPILER_GENERATE_SWIFT_ASSET_SYMBOL_EXTENSIONS = YES;
				CLANG_ANALYZER_NONNULL = YES;
				CLANG_ANALYZER_NUMBER_OBJECT_CONVERSION = YES_AGGRESSIVE;
				CLANG_CXX_LANGUAGE_STANDARD = "gnu++20";
				CLANG_ENABLE_MODULES = YES;
				CLANG_ENABLE_OBJC_ARC = YES;
				CLANG_ENABLE_OBJC_WEAK = YES;
				CLANG_WARN_BLOCK_CAPTURE_AUTORELEASING = YES;
				CLANG_WARN_BOOL_CONVERSION = YES;
				CLANG_WARN_COMMA = YES;
				CLANG_WARN_CONSTANT_CONVERSION = YES;
				CLANG_WARN_DEPRECATED_OBJC_IMPLEMENTATIONS = YES;
				CLANG_WARN_DIRECT_OBJC_ISA_USAGE = YES_ERROR;
				CLANG_WARN_DOCUMENTATION_COMMENTS = YES;
				CLANG_WARN_EMPTY_BODY = YES;
				CLANG_WARN_ENUM_CONVERSION = YES;
				CLANG_WARN_INFINITE_RECURSION = YES;
				CLANG_WARN_INT_CONVERSION = YES;
				CLANG_WARN_NON_LITERAL_NULL_CONVERSION = YES;
				CLANG_WARN_OBJC_IMPLICIT_RETAIN_SELF = YES;
				CLANG_WARN_OBJC_LITERAL_CONVERSION = YES;
				CLANG_WARN_OBJC_ROOT_CLASS = YES_ERROR;
				CLANG_WARN_QUOTED_INCLUDE_IN_FRAMEWORK_HEADER = YES;
				CLANG_WARN_RANGE_LOOP_ANALYSIS = YES;
				CLANG_WARN_STRICT_PROTOTYPES = YES;
				CLANG_WARN_SUSPICIOUS_MOVE = YES;
				CLANG_WARN_UNGUARDED_AVAILABILITY = YES_AGGRESSIVE;
				CLANG_WARN_UNREACHABLE_CODE = YES;
				CLANG_WARN__DUPLICATE_METHOD_MATCH = YES;
				COPY_PHASE_STRIP = NO;
				DEBUG_INFORMATION_FORMAT = dwarf;
				ENABLE_STRICT_OBJC_MSGSEND = YES;
				ENABLE_TESTABILITY = YES;
				ENABLE_USER_SCRIPT_SANDBOXING = YES;
				GCC_C_LANGUAGE_STANDARD = gnu17;
				GCC_DYNAMIC_NO_PIC = NO;
				GCC_NO_COMMON_BLOCKS = YES;
				GCC_OPTIMIZATION_LEVEL = 0;
				GCC_PREPROCESSOR_DEFINITIONS = (
					"DEBUG=1",
					"$(inherited)",
				);
				GCC_WARN_64_TO_32_BIT_CONVERSION = YES;
				GCC_WARN_ABOUT_RETURN_TYPE = YES_ERROR;
				GCC_WARN_UNDECLARED_SELECTOR = YES;
				GCC_WARN_UNINITIALIZED_AUTOS = YES_AGGRESSIVE;
				GCC_WARN_UNUSED_FUNCTION = YES;
				GCC_WARN_UNUSED_VARIABLE = YES;
				LOCALIZATION_PREFERS_STRING_CATALOGS = YES;
				MTL_ENABLE_DEBUG_INFO = INCLUDE_SOURCE;
				MTL_FAST_MATH = YES;
				ONLY_ACTIVE_ARCH = YES;
				SWIFT_ACTIVE_COMPILATION_CONDITIONS = "DEBUG $(inherited)";
				SWIFT_OPTIMIZATION_LEVEL = "-Onone";
			};
			name = Debug;
		};
		3A69EF652C65425F00B3B86D /* Release */ = {
			isa = XCBuildConfiguration;
			buildSettings = {
				ALWAYS_SEARCH_USER_PATHS = NO;
				ASSETCATALOG_COMPILER_GENERATE_SWIFT_ASSET_SYMBOL_EXTENSIONS = YES;
				CLANG_ANALYZER_NONNULL = YES;
				CLANG_ANALYZER_NUMBER_OBJECT_CONVERSION = YES_AGGRESSIVE;
				CLANG_CXX_LANGUAGE_STANDARD = "gnu++20";
				CLANG_ENABLE_MODULES = YES;
				CLANG_ENABLE_OBJC_ARC = YES;
				CLANG_ENABLE_OBJC_WEAK = YES;
				CLANG_WARN_BLOCK_CAPTURE_AUTORELEASING = YES;
				CLANG_WARN_BOOL_CONVERSION = YES;
				CLANG_WARN_COMMA = YES;
				CLANG_WARN_CONSTANT_CONVERSION = YES;
				CLANG_WARN_DEPRECATED_OBJC_IMPLEMENTATIONS = YES;
				CLANG_WARN_DIRECT_OBJC_ISA_USAGE = YES_ERROR;
				CLANG_WARN_DOCUMENTATION_COMMENTS = YES;
				CLANG_WARN_EMPTY_BODY = YES;
				CLANG_WARN_ENUM_CONVERSION = YES;
				CLANG_WARN_INFINITE_RECURSION = YES;
				CLANG_WARN_INT_CONVERSION = YES;
				CLANG_WARN_NON_LITERAL_NULL_CONVERSION = YES;
				CLANG_WARN_OBJC_IMPLICIT_RETAIN_SELF = YES;
				CLANG_WARN_OBJC_LITERAL_CONVERSION = YES;
				CLANG_WARN_OBJC_ROOT_CLASS = YES_ERROR;
				CLANG_WARN_QUOTED_INCLUDE_IN_FRAMEWORK_HEADER = YES;
				CLANG_WARN_RANGE_LOOP_ANALYSIS = YES;
				CLANG_WARN_STRICT_PROTOTYPES = YES;
				CLANG_WARN_SUSPICIOUS_MOVE = YES;
				CLANG_WARN_UNGUARDED_AVAILABILITY = YES_AGGRESSIVE;
				CLANG_WARN_UNREACHABLE_CODE = YES;
				CLANG_WARN__DUPLICATE_METHOD_MATCH = YES;
				COPY_PHASE_STRIP = NO;
				DEBUG_INFORMATION_FORMAT = "dwarf-with-dsym";
				ENABLE_NS_ASSERTIONS = NO;
				ENABLE_STRICT_OBJC_MSGSEND = YES;
				ENABLE_USER_SCRIPT_SANDBOXING = YES;
				GCC_C_LANGUAGE_STANDARD = gnu17;
				GCC_NO_COMMON_BLOCKS = YES;
				GCC_WARN_64_TO_32_BIT_CONVERSION = YES;
				GCC_WARN_ABOUT_RETURN_TYPE = YES_ERROR;
				GCC_WARN_UNDECLARED_SELECTOR = YES;
				GCC_WARN_UNINITIALIZED_AUTOS = YES_AGGRESSIVE;
				GCC_WARN_UNUSED_FUNCTION = YES;
				GCC_WARN_UNUSED_VARIABLE = YES;
				LOCALIZATION_PREFERS_STRING_CATALOGS = YES;
				MTL_ENABLE_DEBUG_INFO = NO;
				MTL_FAST_MATH = YES;
				SWIFT_COMPILATION_MODE = wholemodule;
			};
			name = Release;
		};
		3A69EF672C65425F00B3B86D /* Debug */ = {
			isa = XCBuildConfiguration;
			buildSettings = {
				ASSETCATALOG_COMPILER_APPICON_NAME = AppIcon;
				ASSETCATALOG_COMPILER_GLOBAL_ACCENT_COLOR_NAME = AccentColor;
				CLANG_ENABLE_MODULES = YES;
				CODE_SIGN_ENTITLEMENTS = QuickScanner/QuickScanner.entitlements;
				CODE_SIGN_STYLE = Automatic;
				CURRENT_PROJECT_VERSION = 3;
				DEVELOPMENT_ASSET_PATHS = "\"QuickScanner/Preview Content\"";
				DEVELOPMENT_TEAM = 8N2TVY9NM7;
				ENABLE_HARDENED_RUNTIME = YES;
				ENABLE_PREVIEWS = YES;
				GENERATE_INFOPLIST_FILE = YES;
				INFOPLIST_FILE = QuickScanner/Info.plist;
				INFOPLIST_KEY_CFBundleDisplayName = QuickScanner;
				INFOPLIST_KEY_LSApplicationCategoryType = "public.app-category.productivity";
				INFOPLIST_KEY_NSCameraUsageDescription = "We need to use the Camera for the scanner to detect the paper";
				INFOPLIST_KEY_NSPhotoLibraryUsageDescription = "\"2\"";
				INFOPLIST_KEY_NSPrincipalClass = QSAppDelegate;
				INFOPLIST_KEY_UIApplicationSceneManifest_Generation = YES;
				"INFOPLIST_KEY_UIApplicationSceneManifest_Generation[sdk=iphoneos*]" = YES;
				"INFOPLIST_KEY_UIApplicationSceneManifest_Generation[sdk=iphonesimulator*]" = YES;
				INFOPLIST_KEY_UIApplicationSupportsIndirectInputEvents = YES;
				"INFOPLIST_KEY_UIApplicationSupportsIndirectInputEvents[sdk=iphoneos*]" = YES;
				"INFOPLIST_KEY_UIApplicationSupportsIndirectInputEvents[sdk=iphonesimulator*]" = YES;
				INFOPLIST_KEY_UILaunchScreen_Generation = YES;
				"INFOPLIST_KEY_UILaunchScreen_Generation[sdk=iphoneos*]" = YES;
				"INFOPLIST_KEY_UILaunchScreen_Generation[sdk=iphonesimulator*]" = YES;
				INFOPLIST_KEY_UIStatusBarStyle = UIStatusBarStyleDefault;
				"INFOPLIST_KEY_UIStatusBarStyle[sdk=iphoneos*]" = UIStatusBarStyleDefault;
				"INFOPLIST_KEY_UIStatusBarStyle[sdk=iphonesimulator*]" = UIStatusBarStyleDefault;
				INFOPLIST_KEY_UISupportedInterfaceOrientations = UIInterfaceOrientationPortrait;
				INFOPLIST_KEY_UISupportedInterfaceOrientations_iPad = "UIInterfaceOrientationLandscapeLeft UIInterfaceOrientationLandscapeRight UIInterfaceOrientationPortrait UIInterfaceOrientationPortraitUpsideDown";
				IPHONEOS_DEPLOYMENT_TARGET = 17.5;
				LD_RUNPATH_SEARCH_PATHS = "@executable_path/Frameworks";
				"LD_RUNPATH_SEARCH_PATHS[sdk=macosx*]" = "@executable_path/../Frameworks";
				MACOSX_DEPLOYMENT_TARGET = 14.5;
				MARKETING_VERSION = 1.0.1;
				PRODUCT_BUNDLE_IDENTIFIER = com.marlhex.QuickScanner;
				PRODUCT_NAME = "$(TARGET_NAME)";
				SDKROOT = iphoneos;
				SUPPORTED_PLATFORMS = "iphoneos iphonesimulator";
				SUPPORTS_MACCATALYST = NO;
				SUPPORTS_MAC_DESIGNED_FOR_IPHONE_IPAD = NO;
				SUPPORTS_XR_DESIGNED_FOR_IPHONE_IPAD = NO;
				SWIFT_EMIT_LOC_STRINGS = YES;
				SWIFT_OBJC_BRIDGING_HEADER = "QuickScanner/QuickScanner-Bridging-Header.h";
				SWIFT_OPTIMIZATION_LEVEL = "-Onone";
				SWIFT_VERSION = 5.0;
				TARGETED_DEVICE_FAMILY = 1;
			};
			name = Debug;
		};
		3A69EF682C65425F00B3B86D /* Release */ = {
			isa = XCBuildConfiguration;
			buildSettings = {
				ASSETCATALOG_COMPILER_APPICON_NAME = AppIcon;
				ASSETCATALOG_COMPILER_GLOBAL_ACCENT_COLOR_NAME = AccentColor;
				CLANG_ENABLE_MODULES = YES;
				CODE_SIGN_ENTITLEMENTS = QuickScanner/QuickScanner.entitlements;
				CODE_SIGN_STYLE = Automatic;
				CURRENT_PROJECT_VERSION = 3;
				DEVELOPMENT_ASSET_PATHS = "\"QuickScanner/Preview Content\"";
				DEVELOPMENT_TEAM = 8N2TVY9NM7;
				ENABLE_HARDENED_RUNTIME = YES;
				ENABLE_PREVIEWS = YES;
				GENERATE_INFOPLIST_FILE = YES;
				INFOPLIST_FILE = QuickScanner/Info.plist;
				INFOPLIST_KEY_CFBundleDisplayName = QuickScanner;
				INFOPLIST_KEY_LSApplicationCategoryType = "public.app-category.productivity";
				INFOPLIST_KEY_NSCameraUsageDescription = "We need to use the Camera for the scanner to detect the paper";
				INFOPLIST_KEY_NSPhotoLibraryUsageDescription = "\"2\"";
				INFOPLIST_KEY_NSPrincipalClass = QSAppDelegate;
				INFOPLIST_KEY_UIApplicationSceneManifest_Generation = YES;
				"INFOPLIST_KEY_UIApplicationSceneManifest_Generation[sdk=iphoneos*]" = YES;
				"INFOPLIST_KEY_UIApplicationSceneManifest_Generation[sdk=iphonesimulator*]" = YES;
				INFOPLIST_KEY_UIApplicationSupportsIndirectInputEvents = YES;
				"INFOPLIST_KEY_UIApplicationSupportsIndirectInputEvents[sdk=iphoneos*]" = YES;
				"INFOPLIST_KEY_UIApplicationSupportsIndirectInputEvents[sdk=iphonesimulator*]" = YES;
				INFOPLIST_KEY_UILaunchScreen_Generation = YES;
				"INFOPLIST_KEY_UILaunchScreen_Generation[sdk=iphoneos*]" = YES;
				"INFOPLIST_KEY_UILaunchScreen_Generation[sdk=iphonesimulator*]" = YES;
				INFOPLIST_KEY_UIStatusBarStyle = UIStatusBarStyleDefault;
				"INFOPLIST_KEY_UIStatusBarStyle[sdk=iphoneos*]" = UIStatusBarStyleDefault;
				"INFOPLIST_KEY_UIStatusBarStyle[sdk=iphonesimulator*]" = UIStatusBarStyleDefault;
				INFOPLIST_KEY_UISupportedInterfaceOrientations = UIInterfaceOrientationPortrait;
				INFOPLIST_KEY_UISupportedInterfaceOrientations_iPad = "UIInterfaceOrientationLandscapeLeft UIInterfaceOrientationLandscapeRight UIInterfaceOrientationPortrait UIInterfaceOrientationPortraitUpsideDown";
				IPHONEOS_DEPLOYMENT_TARGET = 17.5;
				LD_RUNPATH_SEARCH_PATHS = "@executable_path/Frameworks";
				"LD_RUNPATH_SEARCH_PATHS[sdk=macosx*]" = "@executable_path/../Frameworks";
				MACOSX_DEPLOYMENT_TARGET = 14.5;
				MARKETING_VERSION = 1.0.1;
				PRODUCT_BUNDLE_IDENTIFIER = com.marlhex.QuickScanner;
				PRODUCT_NAME = "$(TARGET_NAME)";
				SDKROOT = iphoneos;
				SUPPORTED_PLATFORMS = "iphoneos iphonesimulator";
				SUPPORTS_MACCATALYST = NO;
				SUPPORTS_MAC_DESIGNED_FOR_IPHONE_IPAD = NO;
				SUPPORTS_XR_DESIGNED_FOR_IPHONE_IPAD = NO;
				SWIFT_EMIT_LOC_STRINGS = YES;
				SWIFT_OBJC_BRIDGING_HEADER = "QuickScanner/QuickScanner-Bridging-Header.h";
				SWIFT_VERSION = 5.0;
				TARGETED_DEVICE_FAMILY = 1;
			};
			name = Release;
		};
/* End XCBuildConfiguration section */

/* Begin XCConfigurationList section */
		3A69EF522C65425D00B3B86D /* Build configuration list for PBXProject "QuickScanner" */ = {
			isa = XCConfigurationList;
			buildConfigurations = (
				3A69EF642C65425F00B3B86D /* Debug */,
				3A69EF652C65425F00B3B86D /* Release */,
			);
			defaultConfigurationIsVisible = 0;
			defaultConfigurationName = Release;
		};
		3A69EF662C65425F00B3B86D /* Build configuration list for PBXNativeTarget "QuickScanner" */ = {
			isa = XCConfigurationList;
			buildConfigurations = (
				3A69EF672C65425F00B3B86D /* Debug */,
				3A69EF682C65425F00B3B86D /* Release */,
			);
			defaultConfigurationIsVisible = 0;
			defaultConfigurationName = Release;
		};
/* End XCConfigurationList section */
	};
	rootObject = 3A69EF4F2C65425D00B3B86D /* Project object */;
}
